
Microsoft Visual Studio Solution File, Format Version 12.00
Project("{FAE04EC0-301F-11D3-BF4B-00C04F79EFBC}") = "BluBlu.Blazor", "BluBlu.Blazor\BluBlu.Blazor.csproj", "{0C3C794A-CF9B-4B81-954A-3009CB570807}"
EndProject
Project("{2150E333-8FDC-42A3-9474-1A3956D46DE8}") = "front-end", "front-end", "{76149E02-FF82-4091-9F7A-838167711274}"
EndProject
Project("{2150E333-8FDC-42A3-9474-1A3956D46DE8}") = "back-end", "back-end", "{5B614378-B965-48A6-9E51-32F9099F0DC4}"
EndProject
Project("{FAE04EC0-301F-11D3-BF4B-00C04F79EFBC}") = "BluBlu.Invoices.Domain", "BluBlu.Invoices.Domain\BluBlu.Invoices.Domain.csproj", "{C90E10EC-427F-4793-9276-2E0543508D81}"
EndProject
Project("{2150E333-8FDC-42A3-9474-1A3956D46DE8}") = "invoices", "invoices", "{89FFD223-B2E1-4698-9A5A-423A31B47770}"
EndProject
Project("{FAE04EC0-301F-11D3-BF4B-00C04F79EFBC}") = "BluBlu.Invoices.Infrastructure", "BluBlu.Invoices.Infrastructure\BluBlu.Invoices.Infrastructure.csproj", "{FA6B571B-4808-41D1-8A46-E82BE40F673D}"
EndProject
Project("{2150E333-8FDC-42A3-9474-1A3956D46DE8}") = "stocks", "stocks", "{87F2C859-D32E-4791-B714-E2FBE65C39B4}"
EndProject
Project("{FAE04EC0-301F-11D3-BF4B-00C04F79EFBC}") = "BluBlu.Stocks.Domain", "BluBlu.Stocks.Domain\BluBlu.Stocks.Domain.csproj", "{80423762-C4A5-4F4E-B869-528798DF6CD3}"
EndProject
Project("{FAE04EC0-301F-11D3-BF4B-00C04F79EFBC}") = "BluBlu.Stocks.Infrastructure", "BluBlu.Stocks.Infrastructure\BluBlu.Stocks.Infrastructure.csproj", "{F365C8F0-9A08-4D28-9377-7D0510643589}"
EndProject
Project("{2150E333-8FDC-42A3-9474-1A3956D46DE8}") = "auth", "auth", "{6764957A-B5AD-4A60-889E-3120919615D2}"
EndProject
Project("{FAE04EC0-301F-11D3-BF4B-00C04F79EFBC}") = "BluBlu.Auth.Domain", "BluBlu.Auth.Domain\BluBlu.Auth.Domain.csproj", "{D9CAFDAD-E50B-4F9E-8BE6-60A53F98904E}"
EndProject
Project("{FAE04EC0-301F-11D3-BF4B-00C04F79EFBC}") = "BluBlu.Auth.Infrastructure", "BluBlu.Auth.Infrastructure\BluBlu.Auth.Infrastructure.csproj", "{46D2C362-1A80-4C5E-A4D0-CA9AFBB8BAE4}"
EndProject
Project("{2150E333-8FDC-42A3-9474-1A3956D46DE8}") = "common", "common", "{E1337299-C623-4EFB-BEAF-C7DD8F6410C5}"
EndProject
Project("{FAE04EC0-301F-11D3-BF4B-00C04F79EFBC}") = "BluBlu.Common.Domain", "BluBlu.Common.Domain\BluBlu.Common.Domain.csproj", "{CF142221-30DD-4108-A591-B5BD90A0E76A}"
EndProject
Global
	GlobalSection(SolutionConfigurationPlatforms) = preSolution
		Debug|Any CPU = Debug|Any CPU
		Release|Any CPU = Release|Any CPU
	EndGlobalSection
	GlobalSection(ProjectConfigurationPlatforms) = postSolution
		{0C3C794A-CF9B-4B81-954A-3009CB570807}.Debug|Any CPU.ActiveCfg = Debug|Any CPU
		{0C3C794A-CF9B-4B81-954A-3009CB570807}.Debug|Any CPU.Build.0 = Debug|Any CPU
		{0C3C794A-CF9B-4B81-954A-3009CB570807}.Release|Any CPU.ActiveCfg = Release|Any CPU
		{0C3C794A-CF9B-4B81-954A-3009CB570807}.Release|Any CPU.Build.0 = Release|Any CPU
		{C90E10EC-427F-4793-9276-2E0543508D81}.Debug|Any CPU.ActiveCfg = Debug|Any CPU
		{C90E10EC-427F-4793-9276-2E0543508D81}.Debug|Any CPU.Build.0 = Debug|Any CPU
		{C90E10EC-427F-4793-9276-2E0543508D81}.Release|Any CPU.ActiveCfg = Release|Any CPU
		{C90E10EC-427F-4793-9276-2E0543508D81}.Release|Any CPU.Build.0 = Release|Any CPU
		{FA6B571B-4808-41D1-8A46-E82BE40F673D}.Debug|Any CPU.ActiveCfg = Debug|Any CPU
		{FA6B571B-4808-41D1-8A46-E82BE40F673D}.Debug|Any CPU.Build.0 = Debug|Any CPU
		{FA6B571B-4808-41D1-8A46-E82BE40F673D}.Release|Any CPU.ActiveCfg = Release|Any CPU
		{FA6B571B-4808-41D1-8A46-E82BE40F673D}.Release|Any CPU.Build.0 = Release|Any CPU
		{80423762-C4A5-4F4E-B869-528798DF6CD3}.Debug|Any CPU.ActiveCfg = Debug|Any CPU
		{80423762-C4A5-4F4E-B869-528798DF6CD3}.Debug|Any CPU.Build.0 = Debug|Any CPU
		{80423762-C4A5-4F4E-B869-528798DF6CD3}.Release|Any CPU.ActiveCfg = Release|Any CPU
		{80423762-C4A5-4F4E-B869-528798DF6CD3}.Release|Any CPU.Build.0 = Release|Any CPU
		{F365C8F0-9A08-4D28-9377-7D0510643589}.Debug|Any CPU.ActiveCfg = Debug|Any CPU
		{F365C8F0-9A08-4D28-9377-7D0510643589}.Debug|Any CPU.Build.0 = Debug|Any CPU
		{F365C8F0-9A08-4D28-9377-7D0510643589}.Release|Any CPU.ActiveCfg = Release|Any CPU
		{F365C8F0-9A08-4D28-9377-7D0510643589}.Release|Any CPU.Build.0 = Release|Any CPU
		{D9CAFDAD-E50B-4F9E-8BE6-60A53F98904E}.Debug|Any CPU.ActiveCfg = Debug|Any CPU
		{D9CAFDAD-E50B-4F9E-8BE6-60A53F98904E}.Debug|Any CPU.Build.0 = Debug|Any CPU
		{D9CAFDAD-E50B-4F9E-8BE6-60A53F98904E}.Release|Any CPU.ActiveCfg = Release|Any CPU
		{D9CAFDAD-E50B-4F9E-8BE6-60A53F98904E}.Release|Any CPU.Build.0 = Release|Any CPU
		{46D2C362-1A80-4C5E-A4D0-CA9AFBB8BAE4}.Debug|Any CPU.ActiveCfg = Debug|Any CPU
		{46D2C362-1A80-4C5E-A4D0-CA9AFBB8BAE4}.Debug|Any CPU.Build.0 = Debug|Any CPU
		{46D2C362-1A80-4C5E-A4D0-CA9AFBB8BAE4}.Release|Any CPU.ActiveCfg = Release|Any CPU
		{46D2C362-1A80-4C5E-A4D0-CA9AFBB8BAE4}.Release|Any CPU.Build.0 = Release|Any CPU
		{CF142221-30DD-4108-A591-B5BD90A0E76A}.Debug|Any CPU.ActiveCfg = Debug|Any CPU
		{CF142221-30DD-4108-A591-B5BD90A0E76A}.Debug|Any CPU.Build.0 = Debug|Any CPU
		{CF142221-30DD-4108-A591-B5BD90A0E76A}.Release|Any CPU.ActiveCfg = Release|Any CPU
		{CF142221-30DD-4108-A591-B5BD90A0E76A}.Release|Any CPU.Build.0 = Release|Any CPU
	EndGlobalSection
	GlobalSection(NestedProjects) = preSolution
		{0C3C794A-CF9B-4B81-954A-3009CB570807} = {76149E02-FF82-4091-9F7A-838167711274}
		{89FFD223-B2E1-4698-9A5A-423A31B47770} = {5B614378-B965-48A6-9E51-32F9099F0DC4}
		{C90E10EC-427F-4793-9276-2E0543508D81} = {89FFD223-B2E1-4698-9A5A-423A31B47770}
		{FA6B571B-4808-41D1-8A46-E82BE40F673D} = {89FFD223-B2E1-4698-9A5A-423A31B47770}
		{87F2C859-D32E-4791-B714-E2FBE65C39B4} = {5B614378-B965-48A6-9E51-32F9099F0DC4}
		{80423762-C4A5-4F4E-B869-528798DF6CD3} = {87F2C859-D32E-4791-B714-E2FBE65C39B4}
		{F365C8F0-9A08-4D28-9377-7D0510643589} = {87F2C859-D32E-4791-B714-E2FBE65C39B4}
		{6764957A-B5AD-4A60-889E-3120919615D2} = {5B614378-B965-48A6-9E51-32F9099F0DC4}
		{D9CAFDAD-E50B-4F9E-8BE6-60A53F98904E} = {6764957A-B5AD-4A60-889E-3120919615D2}
		{46D2C362-1A80-4C5E-A4D0-CA9AFBB8BAE4} = {6764957A-B5AD-4A60-889E-3120919615D2}
		{E1337299-C623-4EFB-BEAF-C7DD8F6410C5} = {5B614378-B965-48A6-9E51-32F9099F0DC4}
		{CF142221-30DD-4108-A591-B5BD90A0E76A} = {E1337299-C623-4EFB-BEAF-C7DD8F6410C5}
	EndGlobalSection
EndGlobal
